
Microsoft Visual Studio Solution File, Format Version 12.00
# Visual Studio Version 17
VisualStudioVersion = 17.0.31903.59
MinimumVisualStudioVersion = 10.0.40219.1
Project("{2150E333-8FDC-42A3-9474-1A3956D46DE8}") = "Services", "Services", "{8B01113D-6532-41D6-968E-07B5BE66FEB9}"
EndProject
Project("{2150E333-8FDC-42A3-9474-1A3956D46DE8}") = "Catalog", "Catalog", "{2199663D-8A0E-43C6-ABF3-CE4E2C6BF85B}"
EndProject
Project("{FAE04EC0-301F-11D3-BF4B-00C04F79EFBC}") = "Catalog.API", "Services\Catalog\Catalog.API\Catalog.API.csproj", "{A46379A7-D26E-4382-902A-86A25A2E2B0D}"
EndProject
Project("{E53339B2-1760-4266-BCC7-CA923CBCF16C}") = "docker-compose", "docker-compose.dcproj", "{B74446F5-6CCC-47BA-8D9F-1D4F8867BE55}"
EndProject
Project("{2150E333-8FDC-42A3-9474-1A3956D46DE8}") = "Basket", "Basket", "{1D815EF0-DE90-45FE-9D28-3D109FD3924B}"
EndProject
Project("{FAE04EC0-301F-11D3-BF4B-00C04F79EFBC}") = "Basket.API", "Services\Basket\Basket.API\Basket.API.csproj", "{212172CD-3C13-4A23-ACD8-F8FE428C85F2}"
EndProject
Project("{2150E333-8FDC-42A3-9474-1A3956D46DE8}") = "Discount", "Discount", "{F532FC6E-3D84-4A41-9DEC-AD425A903E57}"
EndProject
Project("{FAE04EC0-301F-11D3-BF4B-00C04F79EFBC}") = "Discount.API", "Services\Discount\Discount.API\Discount.API.csproj", "{E753D32C-C229-4BA9-8B77-34379331EFD7}"
EndProject
Project("{FAE04EC0-301F-11D3-BF4B-00C04F79EFBC}") = "Discount.Grpc", "Services\Discount\Discount.Grpc\Discount.Grpc.csproj", "{486171EA-7D22-4E7E-982A-EE41AEA9E702}"
EndProject
Project("{2150E333-8FDC-42A3-9474-1A3956D46DE8}") = "Ordering", "Ordering", "{CFF9E0F4-B924-43AA-996B-97C0255FEBA0}"
EndProject
Project("{FAE04EC0-301F-11D3-BF4B-00C04F79EFBC}") = "Ordering.API", "Services\Ordering\Ordering.API\Ordering.API.csproj", "{50D8F8F2-1D43-4476-BAAA-DEDBD71B80D8}"
EndProject
Project("{FAE04EC0-301F-11D3-BF4B-00C04F79EFBC}") = "Ordering.Domain", "Services\Ordering\Ordering.Domain\Ordering.Domain.csproj", "{E190398B-E260-4FAF-84B5-A94E4C214FA6}"
EndProject
Project("{FAE04EC0-301F-11D3-BF4B-00C04F79EFBC}") = "Ordering.Application", "Services\Ordering\Ordering.Application\Ordering.Application.csproj", "{3888548A-09EE-4134-B60E-DBD1398BEA54}"
EndProject
Project("{FAE04EC0-301F-11D3-BF4B-00C04F79EFBC}") = "Ordering.Infrastructure", "Services\Ordering\Ordering.Infrastructure\Ordering.Infrastructure.csproj", "{C7FEF4E9-B250-4209-8C7A-1BE885EB5374}"
EndProject
Project("{2150E333-8FDC-42A3-9474-1A3956D46DE8}") = "BuildingBlocks", "BuildingBlocks", "{0265582E-2D2F-4011-B486-2F15489EC1FB}"
EndProject
Project("{FAE04EC0-301F-11D3-BF4B-00C04F79EFBC}") = "EventBus.Messages", "BuildingBlocks\EventBus.Messages\EventBus.Messages.csproj", "{6B26C9A1-2263-44C3-A5E9-D5E5BB6918B0}"
EndProject
Global
	GlobalSection(SolutionConfigurationPlatforms) = preSolution
		Debug|Any CPU = Debug|Any CPU
		Release|Any CPU = Release|Any CPU
	EndGlobalSection
	GlobalSection(SolutionProperties) = preSolution
		HideSolutionNode = FALSE
	EndGlobalSection
	GlobalSection(ProjectConfigurationPlatforms) = postSolution
		{A46379A7-D26E-4382-902A-86A25A2E2B0D}.Debug|Any CPU.ActiveCfg = Debug|Any CPU
		{A46379A7-D26E-4382-902A-86A25A2E2B0D}.Debug|Any CPU.Build.0 = Debug|Any CPU
		{A46379A7-D26E-4382-902A-86A25A2E2B0D}.Release|Any CPU.ActiveCfg = Release|Any CPU
		{A46379A7-D26E-4382-902A-86A25A2E2B0D}.Release|Any CPU.Build.0 = Release|Any CPU
		{B74446F5-6CCC-47BA-8D9F-1D4F8867BE55}.Debug|Any CPU.ActiveCfg = Debug|Any CPU
		{B74446F5-6CCC-47BA-8D9F-1D4F8867BE55}.Debug|Any CPU.Build.0 = Debug|Any CPU
		{B74446F5-6CCC-47BA-8D9F-1D4F8867BE55}.Release|Any CPU.ActiveCfg = Release|Any CPU
		{B74446F5-6CCC-47BA-8D9F-1D4F8867BE55}.Release|Any CPU.Build.0 = Release|Any CPU
		{212172CD-3C13-4A23-ACD8-F8FE428C85F2}.Debug|Any CPU.ActiveCfg = Debug|Any CPU
		{212172CD-3C13-4A23-ACD8-F8FE428C85F2}.Debug|Any CPU.Build.0 = Debug|Any CPU
		{212172CD-3C13-4A23-ACD8-F8FE428C85F2}.Release|Any CPU.ActiveCfg = Release|Any CPU
		{212172CD-3C13-4A23-ACD8-F8FE428C85F2}.Release|Any CPU.Build.0 = Release|Any CPU
		{E753D32C-C229-4BA9-8B77-34379331EFD7}.Debug|Any CPU.ActiveCfg = Debug|Any CPU
		{E753D32C-C229-4BA9-8B77-34379331EFD7}.Debug|Any CPU.Build.0 = Debug|Any CPU
		{E753D32C-C229-4BA9-8B77-34379331EFD7}.Release|Any CPU.ActiveCfg = Release|Any CPU
		{E753D32C-C229-4BA9-8B77-34379331EFD7}.Release|Any CPU.Build.0 = Release|Any CPU
		{486171EA-7D22-4E7E-982A-EE41AEA9E702}.Debug|Any CPU.ActiveCfg = Debug|Any CPU
		{486171EA-7D22-4E7E-982A-EE41AEA9E702}.Debug|Any CPU.Build.0 = Debug|Any CPU
		{486171EA-7D22-4E7E-982A-EE41AEA9E702}.Release|Any CPU.ActiveCfg = Release|Any CPU
		{486171EA-7D22-4E7E-982A-EE41AEA9E702}.Release|Any CPU.Build.0 = Release|Any CPU
		{50D8F8F2-1D43-4476-BAAA-DEDBD71B80D8}.Debug|Any CPU.ActiveCfg = Debug|Any CPU
		{50D8F8F2-1D43-4476-BAAA-DEDBD71B80D8}.Debug|Any CPU.Build.0 = Debug|Any CPU
		{50D8F8F2-1D43-4476-BAAA-DEDBD71B80D8}.Release|Any CPU.ActiveCfg = Release|Any CPU
		{50D8F8F2-1D43-4476-BAAA-DEDBD71B80D8}.Release|Any CPU.Build.0 = Release|Any CPU
		{E190398B-E260-4FAF-84B5-A94E4C214FA6}.Debug|Any CPU.ActiveCfg = Debug|Any CPU
		{E190398B-E260-4FAF-84B5-A94E4C214FA6}.Debug|Any CPU.Build.0 = Debug|Any CPU
		{E190398B-E260-4FAF-84B5-A94E4C214FA6}.Release|Any CPU.ActiveCfg = Release|Any CPU
		{E190398B-E260-4FAF-84B5-A94E4C214FA6}.Release|Any CPU.Build.0 = Release|Any CPU
		{3888548A-09EE-4134-B60E-DBD1398BEA54}.Debug|Any CPU.ActiveCfg = Debug|Any CPU
		{3888548A-09EE-4134-B60E-DBD1398BEA54}.Debug|Any CPU.Build.0 = Debug|Any CPU
		{3888548A-09EE-4134-B60E-DBD1398BEA54}.Release|Any CPU.ActiveCfg = Release|Any CPU
		{3888548A-09EE-4134-B60E-DBD1398BEA54}.Release|Any CPU.Build.0 = Release|Any CPU
		{C7FEF4E9-B250-4209-8C7A-1BE885EB5374}.Debug|Any CPU.ActiveCfg = Debug|Any CPU
		{C7FEF4E9-B250-4209-8C7A-1BE885EB5374}.Debug|Any CPU.Build.0 = Debug|Any CPU
		{C7FEF4E9-B250-4209-8C7A-1BE885EB5374}.Release|Any CPU.ActiveCfg = Release|Any CPU
		{C7FEF4E9-B250-4209-8C7A-1BE885EB5374}.Release|Any CPU.Build.0 = Release|Any CPU
		{6B26C9A1-2263-44C3-A5E9-D5E5BB6918B0}.Debug|Any CPU.ActiveCfg = Debug|Any CPU
		{6B26C9A1-2263-44C3-A5E9-D5E5BB6918B0}.Debug|Any CPU.Build.0 = Debug|Any CPU
		{6B26C9A1-2263-44C3-A5E9-D5E5BB6918B0}.Release|Any CPU.ActiveCfg = Release|Any CPU
		{6B26C9A1-2263-44C3-A5E9-D5E5BB6918B0}.Release|Any CPU.Build.0 = Release|Any CPU
	EndGlobalSection
	GlobalSection(NestedProjects) = preSolution
		{2199663D-8A0E-43C6-ABF3-CE4E2C6BF85B} = {8B01113D-6532-41D6-968E-07B5BE66FEB9}
		{A46379A7-D26E-4382-902A-86A25A2E2B0D} = {2199663D-8A0E-43C6-ABF3-CE4E2C6BF85B}
		{1D815EF0-DE90-45FE-9D28-3D109FD3924B} = {8B01113D-6532-41D6-968E-07B5BE66FEB9}
		{212172CD-3C13-4A23-ACD8-F8FE428C85F2} = {1D815EF0-DE90-45FE-9D28-3D109FD3924B}
		{F532FC6E-3D84-4A41-9DEC-AD425A903E57} = {8B01113D-6532-41D6-968E-07B5BE66FEB9}
		{E753D32C-C229-4BA9-8B77-34379331EFD7} = {F532FC6E-3D84-4A41-9DEC-AD425A903E57}
		{486171EA-7D22-4E7E-982A-EE41AEA9E702} = {F532FC6E-3D84-4A41-9DEC-AD425A903E57}
		{CFF9E0F4-B924-43AA-996B-97C0255FEBA0} = {8B01113D-6532-41D6-968E-07B5BE66FEB9}
		{50D8F8F2-1D43-4476-BAAA-DEDBD71B80D8} = {CFF9E0F4-B924-43AA-996B-97C0255FEBA0}
		{E190398B-E260-4FAF-84B5-A94E4C214FA6} = {CFF9E0F4-B924-43AA-996B-97C0255FEBA0}
		{3888548A-09EE-4134-B60E-DBD1398BEA54} = {CFF9E0F4-B924-43AA-996B-97C0255FEBA0}
		{C7FEF4E9-B250-4209-8C7A-1BE885EB5374} = {CFF9E0F4-B924-43AA-996B-97C0255FEBA0}
		{6B26C9A1-2263-44C3-A5E9-D5E5BB6918B0} = {0265582E-2D2F-4011-B486-2F15489EC1FB}
	EndGlobalSection
EndGlobal
